
Microsoft Visual Studio Solution File, Format Version 12.00
# Visual Studio Version 17
VisualStudioVersion = 17.0.31801.35
MinimumVisualStudioVersion = 10.0.40219.1
Project("{FAE04EC0-301F-11D3-BF4B-00C04F79EFBC}") = "SkiingRoutingService", "SkiingRoutingService\SkiingRoutingService.csproj", "{44EFC8D8-4218-4B2E-B45A-5C3A08F20983}"
EndProject
Global
	GlobalSection(SolutionConfigurationPlatforms) = preSolution
		Debug|Any CPU = Debug|Any CPU
		Release|Any CPU = Release|Any CPU
	EndGlobalSection
	GlobalSection(ProjectConfigurationPlatforms) = postSolution
		{44EFC8D8-4218-4B2E-B45A-5C3A08F20983}.Debug|Any CPU.ActiveCfg = Debug|Any CPU
		{44EFC8D8-4218-4B2E-B45A-5C3A08F20983}.Debug|Any CPU.Build.0 = Debug|Any CPU
		{44EFC8D8-4218-4B2E-B45A-5C3A08F20983}.Release|Any CPU.ActiveCfg = Release|Any CPU
		{44EFC8D8-4218-4B2E-B45A-5C3A08F20983}.Release|Any CPU.Build.0 = Release|Any CPU
	EndGlobalSection
	GlobalSection(SolutionProperties) = preSolution
		HideSolutionNode = FALSE
	EndGlobalSection
	GlobalSection(ExtensibilityGlobals) = postSolution
		SolutionGuid = {FC2F65C9-F754-4078-9757-B59410F77445}
	EndGlobalSection
EndGlobal
